Microsoft Visual Studio Solution File, Format Version 11.00
# Visual Studio 2008

Project("{10A562C5-5D58-5F97-F253-9F26BF9C3FF7}") = "PuzzleShift", "Assembly-CSharp.csproj", "{BE436662-A7D8-0175-A53B-0A334133DB8B}"
EndProject
Global
	GlobalSection(SolutionConfigurationPlatforms) = preSolution
		Debug|Any CPU = Debug|Any CPU
		Release|Any CPU = Release|Any CPU
	EndGlobalSection
	GlobalSection(ProjectConfigurationPlatforms) = postSolution
		{BE436662-A7D8-0175-A53B-0A334133DB8B}.Debug|Any CPU.ActiveCfg = Debug|Any CPU
		{BE436662-A7D8-0175-A53B-0A334133DB8B}.Debug|Any CPU.Build.0 = Debug|Any CPU
		{BE436662-A7D8-0175-A53B-0A334133DB8B}.Release|Any CPU.ActiveCfg = Release|Any CPU
		{BE436662-A7D8-0175-A53B-0A334133DB8B}.Release|Any CPU.Build.0 = Release|Any CPU
	EndGlobalSection
	GlobalSection(SolutionProperties) = preSolution
		HideSolutionNode = FALSE
	EndGlobalSection
	GlobalSection(MonoDevelopProperties) = preSolution
		StartupItem = Assembly-CSharp.csproj
	EndGlobalSection
EndGlobal
